
Microsoft Visual Studio Solution File, Format Version 12.00
# Visual Studio Version 17
VisualStudioVersion = 17.1.32228.430
MinimumVisualStudioVersion = 10.0.40219.1
Project("{FAE04EC0-301F-11D3-BF4B-00C04F79EFBC}") = "ZgloszeniImportExcel", "ZgloszeniImportExcel\ZgloszeniImportExcel\ZgloszeniImportExcel.csproj", "{44624B98-FADF-49B8-9D49-C14225C30B7C}"
EndProject
Project("{2150E333-8FDC-42A3-9474-1A3956D46DE8}") = "Solution Items", "Solution Items", "{E8A63EA2-D2C6-4C7D-8334-74563F673C29}"
	ProjectSection(SolutionItems) = preProject
		Directory.Build.props = Directory.Build.props
		global.json = global.json
	EndProjectSection
EndProject
Global
	GlobalSection(SolutionConfigurationPlatforms) = preSolution
		Debug|Any CPU = Debug|Any CPU
		Release|Any CPU = Release|Any CPU
	EndGlobalSection
	GlobalSection(ProjectConfigurationPlatforms) = postSolution
		{44624B98-FADF-49B8-9D49-C14225C30B7C}.Debug|Any CPU.ActiveCfg = Debug|Any CPU
		{44624B98-FADF-49B8-9D49-C14225C30B7C}.Debug|Any CPU.Build.0 = Debug|Any CPU
		{44624B98-FADF-49B8-9D49-C14225C30B7C}.Release|Any CPU.ActiveCfg = Release|Any CPU
		{44624B98-FADF-49B8-9D49-C14225C30B7C}.Release|Any CPU.Build.0 = Release|Any CPU
	EndGlobalSection
	GlobalSection(SolutionProperties) = preSolution
		HideSolutionNode = FALSE
	EndGlobalSection
	GlobalSection(ExtensibilityGlobals) = postSolution
		SolutionGuid = {4DB0602C-83FD-4533-B826-5A9AA73370BE}
	EndGlobalSection
EndGlobal
